
Microsoft Visual Studio Solution File, Format Version 12.00
# Visual Studio Version 16
VisualStudioVersion = 16.0.29306.81
MinimumVisualStudioVersion = 10.0.40219.1
Project("{888888A0-9F3D-457C-B088-3A5042F75D52}") = "visualization", "visualization\visualization.pyproj", "{C36C795E-ADDF-44FA-8882-8BA23590895B}"
EndProject
Project("{2150E333-8FDC-42A3-9474-1A3956D46DE8}") = "source", "source", "{B6E7E196-4BED-4835-A07B-73B1412F3ABC}"
	ProjectSection(SolutionItems) = preProject
		elem_traces.txt = elem_traces.txt
		myanim.gif = myanim.gif
		tabluax.txt = tabluax.txt
		traces.txt = traces.txt
	EndProjectSection
EndProject
Project("{8BC9CEB8-8B4A-11D0-8D11-00A0C91BC942}") = "RSK_core", "RSK_core\RSK_core.vcxproj", "{891DB945-2C6E-4865-9A0C-BB90DA88969C}"
EndProject
Project("{888888A0-9F3D-457C-B088-3A5042F75D52}") = "RSK", "RSK\RSK.pyproj", "{7FE1D7BE-C4E1-4F61-A0F3-98F69AD4EED3}"
EndProject
Project("{2150E333-8FDC-42A3-9474-1A3956D46DE8}") = "Solution Items", "Solution Items", "{233D34EA-8138-4D58-BF71-4465BDDD86AE}"
	ProjectSection(SolutionItems) = preProject
		.vsls.json = .vsls.json
	EndProjectSection
EndProject
Global
	GlobalSection(SolutionConfigurationPlatforms) = preSolution
		Debug|Any CPU = Debug|Any CPU
		Debug|x64 = Debug|x64
		Debug|x86 = Debug|x86
		Release|Any CPU = Release|Any CPU
		Release|x64 = Release|x64
		Release|x86 = Release|x86
	EndGlobalSection
	GlobalSection(ProjectConfigurationPlatforms) = postSolution
		{C36C795E-ADDF-44FA-8882-8BA23590895B}.Debug|Any CPU.ActiveCfg = Debug|Any CPU
		{C36C795E-ADDF-44FA-8882-8BA23590895B}.Debug|x64.ActiveCfg = Debug|Any CPU
		{C36C795E-ADDF-44FA-8882-8BA23590895B}.Debug|x86.ActiveCfg = Debug|Any CPU
		{C36C795E-ADDF-44FA-8882-8BA23590895B}.Release|Any CPU.ActiveCfg = Release|Any CPU
		{C36C795E-ADDF-44FA-8882-8BA23590895B}.Release|x64.ActiveCfg = Release|Any CPU
		{C36C795E-ADDF-44FA-8882-8BA23590895B}.Release|x86.ActiveCfg = Release|Any CPU
		{891DB945-2C6E-4865-9A0C-BB90DA88969C}.Debug|Any CPU.ActiveCfg = Debug|Win32
		{891DB945-2C6E-4865-9A0C-BB90DA88969C}.Debug|x64.ActiveCfg = Debug|x64
		{891DB945-2C6E-4865-9A0C-BB90DA88969C}.Debug|x64.Build.0 = Debug|x64
		{891DB945-2C6E-4865-9A0C-BB90DA88969C}.Debug|x86.ActiveCfg = Debug|Win32
		{891DB945-2C6E-4865-9A0C-BB90DA88969C}.Debug|x86.Build.0 = Debug|Win32
		{891DB945-2C6E-4865-9A0C-BB90DA88969C}.Release|Any CPU.ActiveCfg = Release|Win32
		{891DB945-2C6E-4865-9A0C-BB90DA88969C}.Release|x64.ActiveCfg = Release|Win32
		{891DB945-2C6E-4865-9A0C-BB90DA88969C}.Release|x64.Build.0 = Release|Win32
		{891DB945-2C6E-4865-9A0C-BB90DA88969C}.Release|x86.ActiveCfg = Release|Win32
		{891DB945-2C6E-4865-9A0C-BB90DA88969C}.Release|x86.Build.0 = Release|Win32
		{7FE1D7BE-C4E1-4F61-A0F3-98F69AD4EED3}.Debug|Any CPU.ActiveCfg = Debug|Any CPU
		{7FE1D7BE-C4E1-4F61-A0F3-98F69AD4EED3}.Debug|x64.ActiveCfg = Debug|Any CPU
		{7FE1D7BE-C4E1-4F61-A0F3-98F69AD4EED3}.Debug|x86.ActiveCfg = Debug|Any CPU
		{7FE1D7BE-C4E1-4F61-A0F3-98F69AD4EED3}.Release|Any CPU.ActiveCfg = Release|Any CPU
		{7FE1D7BE-C4E1-4F61-A0F3-98F69AD4EED3}.Release|x64.ActiveCfg = Release|Any CPU
		{7FE1D7BE-C4E1-4F61-A0F3-98F69AD4EED3}.Release|x86.ActiveCfg = Release|Any CPU
	EndGlobalSection
	GlobalSection(SolutionProperties) = preSolution
		HideSolutionNode = FALSE
	EndGlobalSection
	GlobalSection(ExtensibilityGlobals) = postSolution
		SolutionGuid = {7DAEFBFA-6091-430D-BCC7-07836851EF8B}
	EndGlobalSection
EndGlobal
